// !$*UTF8*$!
{
	archiveVersion = 1;
	classes = {
	};
	objectVersion = 46;
	objects = {

/* Begin PBXBuildFile section */
		DB672F7619F6B9D300E596F7 /* URLGrey.h in Headers */ = {isa = PBXBuildFile; fileRef = DB672F7519F6B9D300E596F7 /* URLGrey.h */; settings = {ATTRIBUTES = (Public, ); }; };
		DB672F7C19F6B9D300E596F7 /* URLGrey.framework in Frameworks */ = {isa = PBXBuildFile; fileRef = DB672F7019F6B9D300E596F7 /* URLGrey.framework */; };
		DB672F8319F6B9D300E596F7 /* URLGreyTests.swift in Sources */ = {isa = PBXBuildFile; fileRef = DB672F8219F6B9D300E596F7 /* URLGreyTests.swift */; };
		DB672F9C19F6B9E000E596F7 /* URLGrey.framework in Frameworks */ = {isa = PBXBuildFile; fileRef = DB672F9119F6B9E000E596F7 /* URLGrey.framework */; };
		DB672FAA19F6BA2900E596F7 /* URLGrey.h in Headers */ = {isa = PBXBuildFile; fileRef = DB672F7519F6B9D300E596F7 /* URLGrey.h */; settings = {ATTRIBUTES = (Public, ); }; };
		DB672FAB19F6BA4900E596F7 /* URLGreyTests.swift in Sources */ = {isa = PBXBuildFile; fileRef = DB672F8219F6B9D300E596F7 /* URLGreyTests.swift */; };
		DB672FAD19F6BE3400E596F7 /* Box.swift in Sources */ = {isa = PBXBuildFile; fileRef = DB672FAC19F6BE3400E596F7 /* Box.swift */; };
		DB672FAE19F6BE3400E596F7 /* Box.swift in Sources */ = {isa = PBXBuildFile; fileRef = DB672FAC19F6BE3400E596F7 /* Box.swift */; };
		DB672FB019F6BE4B00E596F7 /* Result.swift in Sources */ = {isa = PBXBuildFile; fileRef = DB672FAF19F6BE4B00E596F7 /* Result.swift */; };
		DB672FB119F6BE4B00E596F7 /* Result.swift in Sources */ = {isa = PBXBuildFile; fileRef = DB672FAF19F6BE4B00E596F7 /* Result.swift */; };
		DB672FB319F6BE9A00E596F7 /* UTI.swift in Sources */ = {isa = PBXBuildFile; fileRef = DB672FB219F6BE9A00E596F7 /* UTI.swift */; };
		DB672FB419F6BE9A00E596F7 /* UTI.swift in Sources */ = {isa = PBXBuildFile; fileRef = DB672FB219F6BE9A00E596F7 /* UTI.swift */; };
		DB672FB619F6DDD000E596F7 /* UTI+CoreTypes.swift in Sources */ = {isa = PBXBuildFile; fileRef = DB672FB519F6DDD000E596F7 /* UTI+CoreTypes.swift */; };
		DB672FB719F6DDD000E596F7 /* UTI+CoreTypes.swift in Sources */ = {isa = PBXBuildFile; fileRef = DB672FB519F6DDD000E596F7 /* UTI+CoreTypes.swift */; };
		DB672FB919F6E32000E596F7 /* NSURL+Resource.swift in Sources */ = {isa = PBXBuildFile; fileRef = DB672FB819F6E32000E596F7 /* NSURL+Resource.swift */; };
		DB672FBA19F6E32000E596F7 /* NSURL+Resource.swift in Sources */ = {isa = PBXBuildFile; fileRef = DB672FB819F6E32000E596F7 /* NSURL+Resource.swift */; };
		DB672FBC19F6E32E00E596F7 /* Resource.swift in Sources */ = {isa = PBXBuildFile; fileRef = DB672FBB19F6E32E00E596F7 /* Resource.swift */; };
		DB672FBD19F6E32E00E596F7 /* Resource.swift in Sources */ = {isa = PBXBuildFile; fileRef = DB672FBB19F6E32E00E596F7 /* Resource.swift */; };
/* End PBXBuildFile section */

/* Begin PBXContainerItemProxy section */
		DB672F7D19F6B9D300E596F7 /* PBXContainerItemProxy */ = {
			isa = PBXContainerItemProxy;
			containerPortal = DB672F6719F6B9D300E596F7 /* Project object */;
			proxyType = 1;
			remoteGlobalIDString = DB672F6F19F6B9D300E596F7;
			remoteInfo = URLGrey;
		};
		DB672F9D19F6B9E000E596F7 /* PBXContainerItemProxy */ = {
			isa = PBXContainerItemProxy;
			containerPortal = DB672F6719F6B9D300E596F7 /* Project object */;
			proxyType = 1;
			remoteGlobalIDString = DB672F9019F6B9E000E596F7;
			remoteInfo = "URLGrey-iOS";
		};
/* End PBXContainerItemProxy section */

/* Begin PBXFileReference section */
		DB672F7019F6B9D300E596F7 /* URLGrey.framework */ = {isa = PBXFileReference; explicitFileType = wrapper.framework; includeInIndex = 0; path = URLGrey.framework; sourceTree = BUILT_PRODUCTS_DIR; };
		DB672F7419F6B9D300E596F7 /* Info.plist */ = {isa = PBXFileReference; lastKnownFileType = text.plist.xml; path = Info.plist; sourceTree = "<group>"; };
		DB672F7519F6B9D300E596F7 /* URLGrey.h */ = {isa = PBXFileReference; lastKnownFileType = sourcecode.c.h; path = URLGrey.h; sourceTree = "<group>"; };
		DB672F7B19F6B9D300E596F7 /* URLGrey-Tests.xctest */ = {isa = PBXFileReference; explicitFileType = wrapper.cfbundle; includeInIndex = 0; path = "URLGrey-Tests.xctest"; sourceTree = BUILT_PRODUCTS_DIR; };
		DB672F8119F6B9D300E596F7 /* Info.plist */ = {isa = PBXFileReference; lastKnownFileType = text.plist.xml; path = Info.plist; sourceTree = "<group>"; };
		DB672F8219F6B9D300E596F7 /* URLGreyTests.swift */ = {isa = PBXFileReference; lastKnownFileType = sourcecode.swift; path = URLGreyTests.swift; sourceTree = "<group>"; };
		DB672F9119F6B9E000E596F7 /* URLGrey.framework */ = {isa = PBXFileReference; explicitFileType = wrapper.framework; includeInIndex = 0; path = URLGrey.framework; sourceTree = BUILT_PRODUCTS_DIR; };
		DB672F9B19F6B9E000E596F7 /* URLGrey-MobileTests.xctest */ = {isa = PBXFileReference; explicitFileType = wrapper.cfbundle; includeInIndex = 0; path = "URLGrey-MobileTests.xctest"; sourceTree = BUILT_PRODUCTS_DIR; };
		DB672FAC19F6BE3400E596F7 /* Box.swift */ = {isa = PBXFileReference; fileEncoding = 4; lastKnownFileType = sourcecode.swift; path = Box.swift; sourceTree = "<group>"; };
		DB672FAF19F6BE4B00E596F7 /* Result.swift */ = {isa = PBXFileReference; fileEncoding = 4; lastKnownFileType = sourcecode.swift; path = Result.swift; sourceTree = "<group>"; };
		DB672FB219F6BE9A00E596F7 /* UTI.swift */ = {isa = PBXFileReference; fileEncoding = 4; lastKnownFileType = sourcecode.swift; path = UTI.swift; sourceTree = "<group>"; };
		DB672FB519F6DDD000E596F7 /* UTI+CoreTypes.swift */ = {isa = PBXFileReference; fileEncoding = 4; lastKnownFileType = sourcecode.swift; path = "UTI+CoreTypes.swift"; sourceTree = "<group>"; };
		DB672FB819F6E32000E596F7 /* NSURL+Resource.swift */ = {isa = PBXFileReference; fileEncoding = 4; lastKnownFileType = sourcecode.swift; path = "NSURL+Resource.swift"; sourceTree = "<group>"; };
		DB672FBB19F6E32E00E596F7 /* Resource.swift */ = {isa = PBXFileReference; fileEncoding = 4; lastKnownFileType = sourcecode.swift; path = Resource.swift; sourceTree = "<group>"; };
/* End PBXFileReference section */

/* Begin PBXFrameworksBuildPhase section */
		DB672F6C19F6B9D300E596F7 /* Frameworks */ = {
			isa = PBXFrameworksBuildPhase;
			buildActionMask = 2147483647;
			files = (
			);
			runOnlyForDeploymentPostprocessing = 0;
		};
		DB672F7819F6B9D300E596F7 /* Frameworks */ = {
			isa = PBXFrameworksBuildPhase;
			buildActionMask = 2147483647;
			files = (
				DB672F7C19F6B9D300E596F7 /* URLGrey.framework in Frameworks */,
			);
			runOnlyForDeploymentPostprocessing = 0;
		};
		DB672F8D19F6B9E000E596F7 /* Frameworks */ = {
			isa = PBXFrameworksBuildPhase;
			buildActionMask = 2147483647;
			files = (
			);
			runOnlyForDeploymentPostprocessing = 0;
		};
		DB672F9819F6B9E000E596F7 /* Frameworks */ = {
			isa = PBXFrameworksBuildPhase;
			buildActionMask = 2147483647;
			files = (
				DB672F9C19F6B9E000E596F7 /* URLGrey.framework in Frameworks */,
			);
			runOnlyForDeploymentPostprocessing = 0;
		};
/* End PBXFrameworksBuildPhase section */

/* Begin PBXGroup section */
		DB672F6619F6B9D300E596F7 = {
			isa = PBXGroup;
			children = (
				DB672F7219F6B9D300E596F7 /* URLGrey */,
				DB672F7F19F6B9D300E596F7 /* URLGreyTests */,
				DB672F7119F6B9D300E596F7 /* Products */,
			);
			sourceTree = "<group>";
		};
		DB672F7119F6B9D300E596F7 /* Products */ = {
			isa = PBXGroup;
			children = (
				DB672F7019F6B9D300E596F7 /* URLGrey.framework */,
				DB672F7B19F6B9D300E596F7 /* URLGrey-Tests.xctest */,
				DB672F9119F6B9E000E596F7 /* URLGrey.framework */,
				DB672F9B19F6B9E000E596F7 /* URLGrey-MobileTests.xctest */,
			);
			name = Products;
			sourceTree = "<group>";
		};
		DB672F7219F6B9D300E596F7 /* URLGrey */ = {
			isa = PBXGroup;
			children = (
				DB672F7519F6B9D300E596F7 /* URLGrey.h */,
				DB672FAC19F6BE3400E596F7 /* Box.swift */,
				DB672FAF19F6BE4B00E596F7 /* Result.swift */,
				DB672FB219F6BE9A00E596F7 /* UTI.swift */,
				DB672FB519F6DDD000E596F7 /* UTI+CoreTypes.swift */,
				DB672FBB19F6E32E00E596F7 /* Resource.swift */,
				DB672FB819F6E32000E596F7 /* NSURL+Resource.swift */,
				DB672F7319F6B9D300E596F7 /* Supporting Files */,
			);
			path = URLGrey;
			sourceTree = "<group>";
		};
		DB672F7319F6B9D300E596F7 /* Supporting Files */ = {
			isa = PBXGroup;
			children = (
				DB672F7419F6B9D300E596F7 /* Info.plist */,
			);
			name = "Supporting Files";
			sourceTree = "<group>";
		};
		DB672F7F19F6B9D300E596F7 /* URLGreyTests */ = {
			isa = PBXGroup;
			children = (
				DB672F8219F6B9D300E596F7 /* URLGreyTests.swift */,
				DB672F8019F6B9D300E596F7 /* Supporting Files */,
			);
			path = URLGreyTests;
			sourceTree = "<group>";
		};
		DB672F8019F6B9D300E596F7 /* Supporting Files */ = {
			isa = PBXGroup;
			children = (
				DB672F8119F6B9D300E596F7 /* Info.plist */,
			);
			name = "Supporting Files";
			sourceTree = "<group>";
		};
/* End PBXGroup section */

/* Begin PBXHeadersBuildPhase section */
		DB672F6D19F6B9D300E596F7 /* Headers */ = {
			isa = PBXHeadersBuildPhase;
			buildActionMask = 2147483647;
			files = (
				DB672F7619F6B9D300E596F7 /* URLGrey.h in Headers */,
			);
			runOnlyForDeploymentPostprocessing = 0;
		};
		DB672F8E19F6B9E000E596F7 /* Headers */ = {
			isa = PBXHeadersBuildPhase;
			buildActionMask = 2147483647;
			files = (
				DB672FAA19F6BA2900E596F7 /* URLGrey.h in Headers */,
			);
			runOnlyForDeploymentPostprocessing = 0;
		};
/* End PBXHeadersBuildPhase section */

/* Begin PBXNativeTarget section */
		DB672F6F19F6B9D300E596F7 /* URLGrey */ = {
			isa = PBXNativeTarget;
			buildConfigurationList = DB672F8619F6B9D300E596F7 /* Build configuration list for PBXNativeTarget "URLGrey" */;
			buildPhases = (
				DB672F6B19F6B9D300E596F7 /* Sources */,
				DB672F6C19F6B9D300E596F7 /* Frameworks */,
				DB672F6D19F6B9D300E596F7 /* Headers */,
				DB672F6E19F6B9D300E596F7 /* Resources */,
			);
			buildRules = (
			);
			dependencies = (
			);
			name = URLGrey;
			productName = URLGrey;
			productReference = DB672F7019F6B9D300E596F7 /* URLGrey.framework */;
			productType = "com.apple.product-type.framework";
		};
		DB672F7A19F6B9D300E596F7 /* URLGreyTests */ = {
			isa = PBXNativeTarget;
			buildConfigurationList = DB672F8919F6B9D300E596F7 /* Build configuration list for PBXNativeTarget "URLGreyTests" */;
			buildPhases = (
				DB672F7719F6B9D300E596F7 /* Sources */,
				DB672F7819F6B9D300E596F7 /* Frameworks */,
				DB672F7919F6B9D300E596F7 /* Resources */,
			);
			buildRules = (
			);
			dependencies = (
				DB672F7E19F6B9D300E596F7 /* PBXTargetDependency */,
			);
			name = URLGreyTests;
			productName = URLGreyTests;
			productReference = DB672F7B19F6B9D300E596F7 /* URLGrey-Tests.xctest */;
			productType = "com.apple.product-type.bundle.unit-test";
		};
		DB672F9019F6B9E000E596F7 /* MobileURLGrey */ = {
			isa = PBXNativeTarget;
			buildConfigurationList = DB672FA419F6B9E000E596F7 /* Build configuration list for PBXNativeTarget "MobileURLGrey" */;
			buildPhases = (
				DB672F8C19F6B9E000E596F7 /* Sources */,
				DB672F8D19F6B9E000E596F7 /* Frameworks */,
				DB672F8E19F6B9E000E596F7 /* Headers */,
				DB672F8F19F6B9E000E596F7 /* Resources */,
			);
			buildRules = (
			);
			dependencies = (
			);
			name = MobileURLGrey;
			productName = "URLGrey-iOS";
			productReference = DB672F9119F6B9E000E596F7 /* URLGrey.framework */;
			productType = "com.apple.product-type.framework";
		};
		DB672F9A19F6B9E000E596F7 /* MobileURLGreyTests */ = {
			isa = PBXNativeTarget;
			buildConfigurationList = DB672FA719F6B9E000E596F7 /* Build configuration list for PBXNativeTarget "MobileURLGreyTests" */;
			buildPhases = (
				DB672F9719F6B9E000E596F7 /* Sources */,
				DB672F9819F6B9E000E596F7 /* Frameworks */,
				DB672F9919F6B9E000E596F7 /* Resources */,
			);
			buildRules = (
			);
			dependencies = (
				DB672F9E19F6B9E000E596F7 /* PBXTargetDependency */,
			);
			name = MobileURLGreyTests;
			productName = "URLGrey-iOSTests";
			productReference = DB672F9B19F6B9E000E596F7 /* URLGrey-MobileTests.xctest */;
			productType = "com.apple.product-type.bundle.unit-test";
		};
/* End PBXNativeTarget section */

/* Begin PBXProject section */
		DB672F6719F6B9D300E596F7 /* Project object */ = {
			isa = PBXProject;
			attributes = {
				LastUpgradeCheck = 0610;
				ORGANIZATIONNAME = "Zachary Waldowski";
				TargetAttributes = {
					DB672F6F19F6B9D300E596F7 = {
						CreatedOnToolsVersion = 6.1;
					};
					DB672F7A19F6B9D300E596F7 = {
						CreatedOnToolsVersion = 6.1;
					};
					DB672F9019F6B9E000E596F7 = {
						CreatedOnToolsVersion = 6.1;
					};
					DB672F9A19F6B9E000E596F7 = {
						CreatedOnToolsVersion = 6.1;
					};
				};
			};
			buildConfigurationList = DB672F6A19F6B9D300E596F7 /* Build configuration list for PBXProject "URLGrey" */;
			compatibilityVersion = "Xcode 3.2";
			developmentRegion = English;
			hasScannedForEncodings = 0;
			knownRegions = (
				en,
			);
			mainGroup = DB672F6619F6B9D300E596F7;
			productRefGroup = DB672F7119F6B9D300E596F7 /* Products */;
			projectDirPath = "";
			projectRoot = "";
			targets = (
				DB672F6F19F6B9D300E596F7 /* URLGrey */,
				DB672F7A19F6B9D300E596F7 /* URLGreyTests */,
				DB672F9019F6B9E000E596F7 /* MobileURLGrey */,
				DB672F9A19F6B9E000E596F7 /* MobileURLGreyTests */,
			);
		};
/* End PBXProject section */

/* Begin PBXResourcesBuildPhase section */
		DB672F6E19F6B9D300E596F7 /* Resources */ = {
			isa = PBXResourcesBuildPhase;
			buildActionMask = 2147483647;
			files = (
			);
			runOnlyForDeploymentPostprocessing = 0;
		};
		DB672F7919F6B9D300E596F7 /* Resources */ = {
			isa = PBXResourcesBuildPhase;
			buildActionMask = 2147483647;
			files = (
			);
			runOnlyForDeploymentPostprocessing = 0;
		};
		DB672F8F19F6B9E000E596F7 /* Resources */ = {
			isa = PBXResourcesBuildPhase;
			buildActionMask = 2147483647;
			files = (
			);
			runOnlyForDeploymentPostprocessing = 0;
		};
		DB672F9919F6B9E000E596F7 /* Resources */ = {
			isa = PBXResourcesBuildPhase;
			buildActionMask = 2147483647;
			files = (
			);
			runOnlyForDeploymentPostprocessing = 0;
		};
/* End PBXResourcesBuildPhase section */

/* Begin PBXSourcesBuildPhase section */
		DB672F6B19F6B9D300E596F7 /* Sources */ = {
			isa = PBXSourcesBuildPhase;
			buildActionMask = 2147483647;
			files = (
				DB672FB919F6E32000E596F7 /* NSURL+Resource.swift in Sources */,
				DB672FB019F6BE4B00E596F7 /* Result.swift in Sources */,
				DB672FB619F6DDD000E596F7 /* UTI+CoreTypes.swift in Sources */,
				DB672FBC19F6E32E00E596F7 /* Resource.swift in Sources */,
				DB672FAD19F6BE3400E596F7 /* Box.swift in Sources */,
				DB672FB319F6BE9A00E596F7 /* UTI.swift in Sources */,
			);
			runOnlyForDeploymentPostprocessing = 0;
		};
		DB672F7719F6B9D300E596F7 /* Sources */ = {
			isa = PBXSourcesBuildPhase;
			buildActionMask = 2147483647;
			files = (
				DB672F8319F6B9D300E596F7 /* URLGreyTests.swift in Sources */,
			);
			runOnlyForDeploymentPostprocessing = 0;
		};
		DB672F8C19F6B9E000E596F7 /* Sources */ = {
			isa = PBXSourcesBuildPhase;
			buildActionMask = 2147483647;
			files = (
				DB672FBA19F6E32000E596F7 /* NSURL+Resource.swift in Sources */,
				DB672FB119F6BE4B00E596F7 /* Result.swift in Sources */,
				DB672FB719F6DDD000E596F7 /* UTI+CoreTypes.swift in Sources */,
				DB672FBD19F6E32E00E596F7 /* Resource.swift in Sources */,
				DB672FAE19F6BE3400E596F7 /* Box.swift in Sources */,
				DB672FB419F6BE9A00E596F7 /* UTI.swift in Sources */,
			);
			runOnlyForDeploymentPostprocessing = 0;
		};
		DB672F9719F6B9E000E596F7 /* Sources */ = {
			isa = PBXSourcesBuildPhase;
			buildActionMask = 2147483647;
			files = (
				DB672FAB19F6BA4900E596F7 /* URLGreyTests.swift in Sources */,
			);
			runOnlyForDeploymentPostprocessing = 0;
		};
/* End PBXSourcesBuildPhase section */

/* Begin PBXTargetDependency section */
		DB672F7E19F6B9D300E596F7 /* PBXTargetDependency */ = {
			isa = PBXTargetDependency;
			target = DB672F6F19F6B9D300E596F7 /* URLGrey */;
			targetProxy = DB672F7D19F6B9D300E596F7 /* PBXContainerItemProxy */;
		};
		DB672F9E19F6B9E000E596F7 /* PBXTargetDependency */ = {
			isa = PBXTargetDependency;
			target = DB672F9019F6B9E000E596F7 /* MobileURLGrey */;
			targetProxy = DB672F9D19F6B9E000E596F7 /* PBXContainerItemProxy */;
		};
/* End PBXTargetDependency section */

/* Begin XCBuildConfiguration section */
		DB672F8419F6B9D300E596F7 /* Debug */ = {
			isa = XCBuildConfiguration;
			buildSettings = {
				ALWAYS_SEARCH_USER_PATHS = NO;
				CLANG_CXX_LANGUAGE_STANDARD = "gnu++0x";
				CLANG_CXX_LIBRARY = "libc++";
				CLANG_ENABLE_MODULES = YES;
				CLANG_ENABLE_OBJC_ARC = YES;
				CLANG_WARN_BOOL_CONVERSION = YES;
				CLANG_WARN_CONSTANT_CONVERSION = YES;
				CLANG_WARN_DIRECT_OBJC_ISA_USAGE = YES_ERROR;
				CLANG_WARN_EMPTY_BODY = YES;
				CLANG_WARN_ENUM_CONVERSION = YES;
				CLANG_WARN_INT_CONVERSION = YES;
				CLANG_WARN_OBJC_ROOT_CLASS = YES_ERROR;
				CLANG_WARN_UNREACHABLE_CODE = YES;
				CLANG_WARN__DUPLICATE_METHOD_MATCH = YES;
				COPY_PHASE_STRIP = NO;
				CURRENT_PROJECT_VERSION = 1;
				ENABLE_STRICT_OBJC_MSGSEND = YES;
				GCC_C_LANGUAGE_STANDARD = gnu99;
				GCC_DYNAMIC_NO_PIC = NO;
				GCC_OPTIMIZATION_LEVEL = 0;
				GCC_PREPROCESSOR_DEFINITIONS = (
					"DEBUG=1",
					"$(inherited)",
				);
				GCC_SYMBOLS_PRIVATE_EXTERN = NO;
				GCC_WARN_64_TO_32_BIT_CONVERSION = YES;
				GCC_WARN_ABOUT_RETURN_TYPE = YES_ERROR;
				GCC_WARN_UNDECLARED_SELECTOR = YES;
				GCC_WARN_UNINITIALIZED_AUTOS = YES_AGGRESSIVE;
				GCC_WARN_UNUSED_FUNCTION = YES;
				GCC_WARN_UNUSED_VARIABLE = YES;
				MACOSX_DEPLOYMENT_TARGET = 10.10;
				MTL_ENABLE_DEBUG_INFO = YES;
				ONLY_ACTIVE_ARCH = YES;
				SDKROOT = macosx;
				SWIFT_OPTIMIZATION_LEVEL = "-Onone";
				VERSIONING_SYSTEM = "apple-generic";
				VERSION_INFO_PREFIX = "";
			};
			name = Debug;
		};
		DB672F8519F6B9D300E596F7 /* Release */ = {
			isa = XCBuildConfiguration;
			buildSettings = {
				ALWAYS_SEARCH_USER_PATHS = NO;
				CLANG_CXX_LANGUAGE_STANDARD = "gnu++0x";
				CLANG_CXX_LIBRARY = "libc++";
				CLANG_ENABLE_MODULES = YES;
				CLANG_ENABLE_OBJC_ARC = YES;
				CLANG_WARN_BOOL_CONVERSION = YES;
				CLANG_WARN_CONSTANT_CONVERSION = YES;
				CLANG_WARN_DIRECT_OBJC_ISA_USAGE = YES_ERROR;
				CLANG_WARN_EMPTY_BODY = YES;
				CLANG_WARN_ENUM_CONVERSION = YES;
				CLANG_WARN_INT_CONVERSION = YES;
				CLANG_WARN_OBJC_ROOT_CLASS = YES_ERROR;
				CLANG_WARN_UNREACHABLE_CODE = YES;
				CLANG_WARN__DUPLICATE_METHOD_MATCH = YES;
				COPY_PHASE_STRIP = YES;
				CURRENT_PROJECT_VERSION = 1;
				DEBUG_INFORMATION_FORMAT = "dwarf-with-dsym";
				ENABLE_NS_ASSERTIONS = NO;
				ENABLE_STRICT_OBJC_MSGSEND = YES;
				GCC_C_LANGUAGE_STANDARD = gnu99;
				GCC_WARN_64_TO_32_BIT_CONVERSION = YES;
				GCC_WARN_ABOUT_RETURN_TYPE = YES_ERROR;
				GCC_WARN_UNDECLARED_SELECTOR = YES;
				GCC_WARN_UNINITIALIZED_AUTOS = YES_AGGRESSIVE;
				GCC_WARN_UNUSED_FUNCTION = YES;
				GCC_WARN_UNUSED_VARIABLE = YES;
				MACOSX_DEPLOYMENT_TARGET = 10.10;
				MTL_ENABLE_DEBUG_INFO = NO;
				SDKROOT = macosx;
				VERSIONING_SYSTEM = "apple-generic";
				VERSION_INFO_PREFIX = "";
			};
			name = Release;
		};
		DB672F8719F6B9D300E596F7 /* Debug */ = {
			isa = XCBuildConfiguration;
			buildSettings = {
				CLANG_ENABLE_MODULES = YES;
				COMBINE_HIDPI_IMAGES = YES;
				DEFINES_MODULE = YES;
				DYLIB_COMPATIBILITY_VERSION = 1;
				DYLIB_CURRENT_VERSION = 1;
				DYLIB_INSTALL_NAME_BASE = "@rpath";
				FRAMEWORK_VERSION = A;
				INFOPLIST_FILE = URLGrey/Info.plist;
				INSTALL_PATH = "$(LOCAL_LIBRARY_DIR)/Frameworks";
				LD_RUNPATH_SEARCH_PATHS = "$(inherited) @executable_path/../Frameworks @loader_path/Frameworks";
				PRODUCT_NAME = URLGrey;
				SKIP_INSTALL = YES;
				SWIFT_OPTIMIZATION_LEVEL = "-Onone";
			};
			name = Debug;
		};
		DB672F8819F6B9D300E596F7 /* Release */ = {
			isa = XCBuildConfiguration;
			buildSettings = {
				CLANG_ENABLE_MODULES = YES;
				COMBINE_HIDPI_IMAGES = YES;
				DEFINES_MODULE = YES;
				DYLIB_COMPATIBILITY_VERSION = 1;
				DYLIB_CURRENT_VERSION = 1;
				DYLIB_INSTALL_NAME_BASE = "@rpath";
				FRAMEWORK_VERSION = A;
				INFOPLIST_FILE = URLGrey/Info.plist;
				INSTALL_PATH = "$(LOCAL_LIBRARY_DIR)/Frameworks";
				LD_RUNPATH_SEARCH_PATHS = "$(inherited) @executable_path/../Frameworks @loader_path/Frameworks";
				PRODUCT_NAME = URLGrey;
				SKIP_INSTALL = YES;
			};
			name = Release;
		};
		DB672F8A19F6B9D300E596F7 /* Debug */ = {
			isa = XCBuildConfiguration;
			buildSettings = {
				COMBINE_HIDPI_IMAGES = YES;
				FRAMEWORK_SEARCH_PATHS = (
					"$(DEVELOPER_FRAMEWORKS_DIR)",
					"$(inherited)",
				);
				GCC_PREPROCESSOR_DEFINITIONS = (
					"DEBUG=1",
					"$(inherited)",
				);
				INFOPLIST_FILE = URLGreyTests/Info.plist;
				LD_RUNPATH_SEARCH_PATHS = "$(inherited) @executable_path/../Frameworks @loader_path/../Frameworks";
				PRODUCT_NAME = "URLGrey-Tests";
			};
			name = Debug;
		};
		DB672F8B19F6B9D300E596F7 /* Release */ = {
			isa = XCBuildConfiguration;
			buildSettings = {
				COMBINE_HIDPI_IMAGES = YES;
				FRAMEWORK_SEARCH_PATHS = (
					"$(DEVELOPER_FRAMEWORKS_DIR)",
					"$(inherited)",
				);
				INFOPLIST_FILE = URLGreyTests/Info.plist;
				LD_RUNPATH_SEARCH_PATHS = "$(inherited) @executable_path/../Frameworks @loader_path/../Frameworks";
				PRODUCT_NAME = "URLGrey-Tests";
			};
			name = Release;
		};
		DB672FA519F6B9E000E596F7 /* Debug */ = {
			isa = XCBuildConfiguration;
			buildSettings = {
				CLANG_ENABLE_MODULES = YES;
				"CODE_SIGN_IDENTITY[sdk=iphoneos*]" = "iPhone Developer";
				DEFINES_MODULE = YES;
				DYLIB_COMPATIBILITY_VERSION = 1;
				DYLIB_CURRENT_VERSION = 1;
				DYLIB_INSTALL_NAME_BASE = "@rpath";
				GCC_PREPROCESSOR_DEFINITIONS = (
					"DEBUG=1",
					"$(inherited)",
				);
				INFOPLIST_FILE = URLGrey/Info.plist;
				INSTALL_PATH = "$(LOCAL_LIBRARY_DIR)/Frameworks";
				IPHONEOS_DEPLOYMENT_TARGET = 8.1;
				LD_RUNPATH_SEARCH_PATHS = "$(inherited) @executable_path/Frameworks @loader_path/Frameworks";
				PRODUCT_NAME = URLGrey;
				SDKROOT = iphoneos;
				SKIP_INSTALL = YES;
				SWIFT_OPTIMIZATION_LEVEL = "-Onone";
				TARGETED_DEVICE_FAMILY = "1,2";
			};
			name = Debug;
		};
		DB672FA619F6B9E000E596F7 /* Release */ = {
			isa = XCBuildConfiguration;
			buildSettings = {
				CLANG_ENABLE_MODULES = YES;
				"CODE_SIGN_IDENTITY[sdk=iphoneos*]" = "iPhone Developer";
				DEFINES_MODULE = YES;
				DYLIB_COMPATIBILITY_VERSION = 1;
				DYLIB_CURRENT_VERSION = 1;
				DYLIB_INSTALL_NAME_BASE = "@rpath";
				INFOPLIST_FILE = URLGrey/Info.plist;
				INSTALL_PATH = "$(LOCAL_LIBRARY_DIR)/Frameworks";
				IPHONEOS_DEPLOYMENT_TARGET = 8.1;
				LD_RUNPATH_SEARCH_PATHS = "$(inherited) @executable_path/Frameworks @loader_path/Frameworks";
				PRODUCT_NAME = URLGrey;
				SDKROOT = iphoneos;
				SKIP_INSTALL = YES;
				TARGETED_DEVICE_FAMILY = "1,2";
				VALIDATE_PRODUCT = YES;
			};
			name = Release;
		};
		DB672FA819F6B9E000E596F7 /* Debug */ = {
			isa = XCBuildConfiguration;
			buildSettings = {
				FRAMEWORK_SEARCH_PATHS = (
					"$(SDKROOT)/Developer/Library/Frameworks",
					"$(inherited)",
				);
				GCC_PREPROCESSOR_DEFINITIONS = (
					"DEBUG=1",
					"$(inherited)",
				);
				INFOPLIST_FILE = URLGreyTests/Info.plist;
				IPHONEOS_DEPLOYMENT_TARGET = 8.1;
				LD_RUNPATH_SEARCH_PATHS = "$(inherited) @executable_path/Frameworks @loader_path/Frameworks";
				PRODUCT_NAME = "URLGrey-MobileTests";
				SDKROOT = iphoneos;
			};
			name = Debug;
		};
		DB672FA919F6B9E000E596F7 /* Release */ = {
			isa = XCBuildConfiguration;
			buildSettings = {
				FRAMEWORK_SEARCH_PATHS = (
					"$(SDKROOT)/Developer/Library/Frameworks",
					"$(inherited)",
				);
				INFOPLIST_FILE = URLGreyTests/Info.plist;
				IPHONEOS_DEPLOYMENT_TARGET = 8.1;
				LD_RUNPATH_SEARCH_PATHS = "$(inherited) @executable_path/Frameworks @loader_path/Frameworks";
				PRODUCT_NAME = "URLGrey-MobileTests";
				SDKROOT = iphoneos;
				VALIDATE_PRODUCT = YES;
			};
			name = Release;
		};
/* End XCBuildConfiguration section */

/* Begin XCConfigurationList section */
		DB672F6A19F6B9D300E596F7 /* Build configuration list for PBXProject "URLGrey" */ = {
			isa = XCConfigurationList;
			buildConfigurations = (
				DB672F8419F6B9D300E596F7 /* Debug */,
				DB672F8519F6B9D300E596F7 /* Release */,
			);
			defaultConfigurationIsVisible = 0;
			defaultConfigurationName = Release;
		};
		DB672F8619F6B9D300E596F7 /* Build configuration list for PBXNativeTarget "URLGrey" */ = {
			isa = XCConfigurationList;
			buildConfigurations = (
				DB672F8719F6B9D300E596F7 /* Debug */,
				DB672F8819F6B9D300E596F7 /* Release */,
			);
			defaultConfigurationIsVisible = 0;
		};
		DB672F8919F6B9D300E596F7 /* Build configuration list for PBXNativeTarget "URLGreyTests" */ = {
			isa = XCConfigurationList;
			buildConfigurations = (
				DB672F8A19F6B9D300E596F7 /* Debug */,
				DB672F8B19F6B9D300E596F7 /* Release */,
			);
			defaultConfigurationIsVisible = 0;
		};
		DB672FA419F6B9E000E596F7 /* Build configuration list for PBXNativeTarget "MobileURLGrey" */ = {
			isa = XCConfigurationList;
			buildConfigurations = (
				DB672FA519F6B9E000E596F7 /* Debug */,
				DB672FA619F6B9E000E596F7 /* Release */,
			);
			defaultConfigurationIsVisible = 0;
		};
		DB672FA719F6B9E000E596F7 /* Build configuration list for PBXNativeTarget "MobileURLGreyTests" */ = {
			isa = XCConfigurationList;
			buildConfigurations = (
				DB672FA819F6B9E000E596F7 /* Debug */,
				DB672FA919F6B9E000E596F7 /* Release */,
			);
			defaultConfigurationIsVisible = 0;
		};
/* End XCConfigurationList section */
	};
	rootObject = DB672F6719F6B9D300E596F7 /* Project object */;
}
