// !$*UTF8*$!
{
	archiveVersion = 1;
	classes = {
	};
	objectVersion = 46;
	objects = {

/* Begin PBXBuildFile section */
		DBA8327E1B65FA45003E0E23 /* URLGrey.h in Headers */ = {isa = PBXBuildFile; fileRef = DBA8327D1B65FA45003E0E23 /* URLGrey.h */; settings = {ATTRIBUTES = (Public, ); }; };
		DBA832D61B65FABD003E0E23 /* Lustre.framework in Frameworks */ = {isa = PBXBuildFile; fileRef = DBA832CD1B65FAB0003E0E23 /* Lustre.framework */; };
		DBA832D71B65FAC5003E0E23 /* Lustre.framework in Frameworks */ = {isa = PBXBuildFile; fileRef = DBA832D11B65FAB0003E0E23 /* Lustre.framework */; };
		DBA832D81B65FAC8003E0E23 /* Lustre.framework in Frameworks */ = {isa = PBXBuildFile; fileRef = DBA832CD1B65FAB0003E0E23 /* Lustre.framework */; };
		DBA832D91B65FAD6003E0E23 /* URLGrey.h in Headers */ = {isa = PBXBuildFile; fileRef = DBA8327D1B65FA45003E0E23 /* URLGrey.h */; settings = {ATTRIBUTES = (Public, ); }; };
		DBA832DA1B65FAD6003E0E23 /* URLGrey.h in Headers */ = {isa = PBXBuildFile; fileRef = DBA8327D1B65FA45003E0E23 /* URLGrey.h */; settings = {ATTRIBUTES = (Public, ); }; };
		DBA832E51B65FB0C003E0E23 /* URLGrey.framework in Frameworks */ = {isa = PBXBuildFile; fileRef = DBA8327A1B65FA45003E0E23 /* URLGrey.framework */; };
		DBA832F41B65FB21003E0E23 /* URLGrey.framework in Frameworks */ = {isa = PBXBuildFile; fileRef = DBA832991B65FA77003E0E23 /* URLGrey.framework */; };
		DBA8330F1B65FC3E003E0E23 /* Data.swift in Sources */ = {isa = PBXBuildFile; fileRef = DBA832FC1B65FC3E003E0E23 /* Data.swift */; };
		DBA833101B65FC3E003E0E23 /* Data.swift in Sources */ = {isa = PBXBuildFile; fileRef = DBA832FC1B65FC3E003E0E23 /* Data.swift */; };
		DBA833111B65FC3E003E0E23 /* Data.swift in Sources */ = {isa = PBXBuildFile; fileRef = DBA832FC1B65FC3E003E0E23 /* Data.swift */; };
		DBA833121B65FC3E003E0E23 /* Data+CollectionType.swift in Sources */ = {isa = PBXBuildFile; fileRef = DBA832FD1B65FC3E003E0E23 /* Data+CollectionType.swift */; };
		DBA833131B65FC3E003E0E23 /* Data+CollectionType.swift in Sources */ = {isa = PBXBuildFile; fileRef = DBA832FD1B65FC3E003E0E23 /* Data+CollectionType.swift */; };
		DBA833141B65FC3E003E0E23 /* Data+CollectionType.swift in Sources */ = {isa = PBXBuildFile; fileRef = DBA832FD1B65FC3E003E0E23 /* Data+CollectionType.swift */; };
		DBA833151B65FC3E003E0E23 /* Data+NSData.swift in Sources */ = {isa = PBXBuildFile; fileRef = DBA832FE1B65FC3E003E0E23 /* Data+NSData.swift */; };
		DBA833161B65FC3E003E0E23 /* Data+NSData.swift in Sources */ = {isa = PBXBuildFile; fileRef = DBA832FE1B65FC3E003E0E23 /* Data+NSData.swift */; };
		DBA833171B65FC3E003E0E23 /* Data+NSData.swift in Sources */ = {isa = PBXBuildFile; fileRef = DBA832FE1B65FC3E003E0E23 /* Data+NSData.swift */; };
		DBA833181B65FC3E003E0E23 /* DataReader.swift in Sources */ = {isa = PBXBuildFile; fileRef = DBA832FF1B65FC3E003E0E23 /* DataReader.swift */; };
		DBA833191B65FC3E003E0E23 /* DataReader.swift in Sources */ = {isa = PBXBuildFile; fileRef = DBA832FF1B65FC3E003E0E23 /* DataReader.swift */; };
		DBA8331A1B65FC3E003E0E23 /* DataReader.swift in Sources */ = {isa = PBXBuildFile; fileRef = DBA832FF1B65FC3E003E0E23 /* DataReader.swift */; };
		DBA8331B1B65FC3E003E0E23 /* IOChannel.swift in Sources */ = {isa = PBXBuildFile; fileRef = DBA833001B65FC3E003E0E23 /* IOChannel.swift */; };
		DBA8331C1B65FC3E003E0E23 /* IOChannel.swift in Sources */ = {isa = PBXBuildFile; fileRef = DBA833001B65FC3E003E0E23 /* IOChannel.swift */; };
		DBA8331D1B65FC3E003E0E23 /* IOChannel.swift in Sources */ = {isa = PBXBuildFile; fileRef = DBA833001B65FC3E003E0E23 /* IOChannel.swift */; };
		DBA8331E1B65FC3E003E0E23 /* IOError.swift in Sources */ = {isa = PBXBuildFile; fileRef = DBA833011B65FC3E003E0E23 /* IOError.swift */; };
		DBA8331F1B65FC3E003E0E23 /* IOError.swift in Sources */ = {isa = PBXBuildFile; fileRef = DBA833011B65FC3E003E0E23 /* IOError.swift */; };
		DBA833201B65FC3E003E0E23 /* IOError.swift in Sources */ = {isa = PBXBuildFile; fileRef = DBA833011B65FC3E003E0E23 /* IOError.swift */; };
		DBA833211B65FC3E003E0E23 /* NSFileManager+DirectoryContents.swift in Sources */ = {isa = PBXBuildFile; fileRef = DBA833021B65FC3E003E0E23 /* NSFileManager+DirectoryContents.swift */; };
		DBA833221B65FC3E003E0E23 /* NSFileManager+DirectoryContents.swift in Sources */ = {isa = PBXBuildFile; fileRef = DBA833021B65FC3E003E0E23 /* NSFileManager+DirectoryContents.swift */; };
		DBA833231B65FC3E003E0E23 /* NSFileManager+DirectoryContents.swift in Sources */ = {isa = PBXBuildFile; fileRef = DBA833021B65FC3E003E0E23 /* NSFileManager+DirectoryContents.swift */; };
		DBA833241B65FC3E003E0E23 /* NSFileManager+Relationships.swift in Sources */ = {isa = PBXBuildFile; fileRef = DBA833031B65FC3E003E0E23 /* NSFileManager+Relationships.swift */; };
		DBA833251B65FC3E003E0E23 /* NSFileManager+Relationships.swift in Sources */ = {isa = PBXBuildFile; fileRef = DBA833031B65FC3E003E0E23 /* NSFileManager+Relationships.swift */; };
		DBA833261B65FC3E003E0E23 /* NSFileManager+Relationships.swift in Sources */ = {isa = PBXBuildFile; fileRef = DBA833031B65FC3E003E0E23 /* NSFileManager+Relationships.swift */; };
		DBA833271B65FC3E003E0E23 /* NSURL+Ancestors.swift in Sources */ = {isa = PBXBuildFile; fileRef = DBA833041B65FC3E003E0E23 /* NSURL+Ancestors.swift */; };
		DBA833281B65FC3E003E0E23 /* NSURL+Ancestors.swift in Sources */ = {isa = PBXBuildFile; fileRef = DBA833041B65FC3E003E0E23 /* NSURL+Ancestors.swift */; };
		DBA833291B65FC3E003E0E23 /* NSURL+Ancestors.swift in Sources */ = {isa = PBXBuildFile; fileRef = DBA833041B65FC3E003E0E23 /* NSURL+Ancestors.swift */; };
		DBA8332A1B65FC3E003E0E23 /* NSURL+Builder.swift in Sources */ = {isa = PBXBuildFile; fileRef = DBA833051B65FC3E003E0E23 /* NSURL+Builder.swift */; };
		DBA8332B1B65FC3E003E0E23 /* NSURL+Builder.swift in Sources */ = {isa = PBXBuildFile; fileRef = DBA833051B65FC3E003E0E23 /* NSURL+Builder.swift */; };
		DBA8332C1B65FC3E003E0E23 /* NSURL+Builder.swift in Sources */ = {isa = PBXBuildFile; fileRef = DBA833051B65FC3E003E0E23 /* NSURL+Builder.swift */; };
		DBA8332D1B65FC3E003E0E23 /* NSURL+FileManager.swift in Sources */ = {isa = PBXBuildFile; fileRef = DBA833061B65FC3E003E0E23 /* NSURL+FileManager.swift */; };
		DBA8332E1B65FC3E003E0E23 /* NSURL+FileManager.swift in Sources */ = {isa = PBXBuildFile; fileRef = DBA833061B65FC3E003E0E23 /* NSURL+FileManager.swift */; };
		DBA8332F1B65FC3E003E0E23 /* NSURL+FileManager.swift in Sources */ = {isa = PBXBuildFile; fileRef = DBA833061B65FC3E003E0E23 /* NSURL+FileManager.swift */; };
		DBA833301B65FC3E003E0E23 /* NSURL+Resource.swift in Sources */ = {isa = PBXBuildFile; fileRef = DBA833071B65FC3E003E0E23 /* NSURL+Resource.swift */; };
		DBA833311B65FC3E003E0E23 /* NSURL+Resource.swift in Sources */ = {isa = PBXBuildFile; fileRef = DBA833071B65FC3E003E0E23 /* NSURL+Resource.swift */; };
		DBA833321B65FC3E003E0E23 /* NSURL+Resource.swift in Sources */ = {isa = PBXBuildFile; fileRef = DBA833071B65FC3E003E0E23 /* NSURL+Resource.swift */; };
		DBA833331B65FC3E003E0E23 /* ThreadLocalStorage.swift in Sources */ = {isa = PBXBuildFile; fileRef = DBA833081B65FC3E003E0E23 /* ThreadLocalStorage.swift */; };
		DBA833341B65FC3E003E0E23 /* ThreadLocalStorage.swift in Sources */ = {isa = PBXBuildFile; fileRef = DBA833081B65FC3E003E0E23 /* ThreadLocalStorage.swift */; };
		DBA833351B65FC3E003E0E23 /* ThreadLocalStorage.swift in Sources */ = {isa = PBXBuildFile; fileRef = DBA833081B65FC3E003E0E23 /* ThreadLocalStorage.swift */; };
		DBA833361B65FC3E003E0E23 /* URLResource.swift in Sources */ = {isa = PBXBuildFile; fileRef = DBA833091B65FC3E003E0E23 /* URLResource.swift */; };
		DBA833371B65FC3E003E0E23 /* URLResource.swift in Sources */ = {isa = PBXBuildFile; fileRef = DBA833091B65FC3E003E0E23 /* URLResource.swift */; };
		DBA833381B65FC3E003E0E23 /* URLResource.swift in Sources */ = {isa = PBXBuildFile; fileRef = DBA833091B65FC3E003E0E23 /* URLResource.swift */; };
		DBA833391B65FC3E003E0E23 /* URLResourceError.swift in Sources */ = {isa = PBXBuildFile; fileRef = DBA8330A1B65FC3E003E0E23 /* URLResourceError.swift */; };
		DBA8333A1B65FC3E003E0E23 /* URLResourceError.swift in Sources */ = {isa = PBXBuildFile; fileRef = DBA8330A1B65FC3E003E0E23 /* URLResourceError.swift */; };
		DBA8333B1B65FC3E003E0E23 /* URLResourceError.swift in Sources */ = {isa = PBXBuildFile; fileRef = DBA8330A1B65FC3E003E0E23 /* URLResourceError.swift */; };
		DBA8333C1B65FC3E003E0E23 /* URLResourceMeta.swift in Sources */ = {isa = PBXBuildFile; fileRef = DBA8330B1B65FC3E003E0E23 /* URLResourceMeta.swift */; };
		DBA8333D1B65FC3E003E0E23 /* URLResourceMeta.swift in Sources */ = {isa = PBXBuildFile; fileRef = DBA8330B1B65FC3E003E0E23 /* URLResourceMeta.swift */; };
		DBA8333E1B65FC3E003E0E23 /* URLResourceMeta.swift in Sources */ = {isa = PBXBuildFile; fileRef = DBA8330B1B65FC3E003E0E23 /* URLResourceMeta.swift */; };
		DBA8333F1B65FC3E003E0E23 /* URLResourceTypes.swift in Sources */ = {isa = PBXBuildFile; fileRef = DBA8330C1B65FC3E003E0E23 /* URLResourceTypes.swift */; };
		DBA833401B65FC3E003E0E23 /* URLResourceTypes.swift in Sources */ = {isa = PBXBuildFile; fileRef = DBA8330C1B65FC3E003E0E23 /* URLResourceTypes.swift */; };
		DBA833411B65FC3E003E0E23 /* URLResourceTypes.swift in Sources */ = {isa = PBXBuildFile; fileRef = DBA8330C1B65FC3E003E0E23 /* URLResourceTypes.swift */; };
		DBA833421B65FC3E003E0E23 /* UTI.swift in Sources */ = {isa = PBXBuildFile; fileRef = DBA8330D1B65FC3E003E0E23 /* UTI.swift */; };
		DBA833431B65FC3E003E0E23 /* UTI.swift in Sources */ = {isa = PBXBuildFile; fileRef = DBA8330D1B65FC3E003E0E23 /* UTI.swift */; };
		DBA833441B65FC3E003E0E23 /* UTI.swift in Sources */ = {isa = PBXBuildFile; fileRef = DBA8330D1B65FC3E003E0E23 /* UTI.swift */; };
		DBA833451B65FC3E003E0E23 /* UTI+CoreTypes.swift in Sources */ = {isa = PBXBuildFile; fileRef = DBA8330E1B65FC3E003E0E23 /* UTI+CoreTypes.swift */; };
		DBA833461B65FC3E003E0E23 /* UTI+CoreTypes.swift in Sources */ = {isa = PBXBuildFile; fileRef = DBA8330E1B65FC3E003E0E23 /* UTI+CoreTypes.swift */; };
		DBA833471B65FC3E003E0E23 /* UTI+CoreTypes.swift in Sources */ = {isa = PBXBuildFile; fileRef = DBA8330E1B65FC3E003E0E23 /* UTI+CoreTypes.swift */; };
		DBA8334C1B65FC4B003E0E23 /* AncestorTests.swift in Sources */ = {isa = PBXBuildFile; fileRef = DBA833481B65FC4B003E0E23 /* AncestorTests.swift */; };
		DBA8334D1B65FC4B003E0E23 /* AncestorTests.swift in Sources */ = {isa = PBXBuildFile; fileRef = DBA833481B65FC4B003E0E23 /* AncestorTests.swift */; };
		DBA8334E1B65FC4B003E0E23 /* IOChannelTests.swift in Sources */ = {isa = PBXBuildFile; fileRef = DBA833491B65FC4B003E0E23 /* IOChannelTests.swift */; };
		DBA8334F1B65FC4B003E0E23 /* IOChannelTests.swift in Sources */ = {isa = PBXBuildFile; fileRef = DBA833491B65FC4B003E0E23 /* IOChannelTests.swift */; };
		DBA833501B65FC4B003E0E23 /* RelationshipTests.swift in Sources */ = {isa = PBXBuildFile; fileRef = DBA8334A1B65FC4B003E0E23 /* RelationshipTests.swift */; };
		DBA833511B65FC4B003E0E23 /* RelationshipTests.swift in Sources */ = {isa = PBXBuildFile; fileRef = DBA8334A1B65FC4B003E0E23 /* RelationshipTests.swift */; };
		DBA833521B65FC4B003E0E23 /* UTITests.swift in Sources */ = {isa = PBXBuildFile; fileRef = DBA8334B1B65FC4B003E0E23 /* UTITests.swift */; };
		DBA833531B65FC4B003E0E23 /* UTITests.swift in Sources */ = {isa = PBXBuildFile; fileRef = DBA8334B1B65FC4B003E0E23 /* UTITests.swift */; };
/* End PBXBuildFile section */

/* Begin PBXContainerItemProxy section */
		DBA832CC1B65FAB0003E0E23 /* PBXContainerItemProxy */ = {
			isa = PBXContainerItemProxy;
			containerPortal = DBA832C41B65FAB0003E0E23 /* Lustre.xcodeproj */;
			proxyType = 2;
			remoteGlobalIDString = DB5BCDF11B61FE8A009E42A9;
			remoteInfo = Lustre;
		};
		DBA832CE1B65FAB0003E0E23 /* PBXContainerItemProxy */ = {
			isa = PBXContainerItemProxy;
			containerPortal = DBA832C41B65FAB0003E0E23 /* Lustre.xcodeproj */;
			proxyType = 2;
			remoteGlobalIDString = DB5BCE751B6207A7009E42A9;
			remoteInfo = LustreTests;
		};
		DBA832D01B65FAB0003E0E23 /* PBXContainerItemProxy */ = {
			isa = PBXContainerItemProxy;
			containerPortal = DBA832C41B65FAB0003E0E23 /* Lustre.xcodeproj */;
			proxyType = 2;
			remoteGlobalIDString = DB5BCE101B61FE94009E42A9;
			remoteInfo = MobileLustre;
		};
		DBA832D21B65FAB0003E0E23 /* PBXContainerItemProxy */ = {
			isa = PBXContainerItemProxy;
			containerPortal = DBA832C41B65FAB0003E0E23 /* Lustre.xcodeproj */;
			proxyType = 2;
			remoteGlobalIDString = DB5BCE191B61FE95009E42A9;
			remoteInfo = MobileLustreTests;
		};
		DBA832D41B65FAB0003E0E23 /* PBXContainerItemProxy */ = {
			isa = PBXContainerItemProxy;
			containerPortal = DBA832C41B65FAB0003E0E23 /* Lustre.xcodeproj */;
			proxyType = 2;
			remoteGlobalIDString = DB5BCE2C1B61FE9B009E42A9;
			remoteInfo = NanoLustre;
		};
		DBA832E61B65FB0C003E0E23 /* PBXContainerItemProxy */ = {
			isa = PBXContainerItemProxy;
			containerPortal = DBA832711B65FA45003E0E23 /* Project object */;
			proxyType = 1;
			remoteGlobalIDString = DBA832791B65FA45003E0E23;
			remoteInfo = URLGrey;
		};
		DBA832F51B65FB21003E0E23 /* PBXContainerItemProxy */ = {
			isa = PBXContainerItemProxy;
			containerPortal = DBA832711B65FA45003E0E23 /* Project object */;
			proxyType = 1;
			remoteGlobalIDString = DBA832981B65FA77003E0E23;
			remoteInfo = MobileURLGrey;
		};
/* End PBXContainerItemProxy section */

/* Begin PBXFileReference section */
		DBA8327A1B65FA45003E0E23 /* URLGrey.framework */ = {isa = PBXFileReference; explicitFileType = wrapper.framework; includeInIndex = 0; path = URLGrey.framework; sourceTree = BUILT_PRODUCTS_DIR; };
		DBA8327D1B65FA45003E0E23 /* URLGrey.h */ = {isa = PBXFileReference; lastKnownFileType = sourcecode.c.h; path = URLGrey.h; sourceTree = "<group>"; };
		DBA8327F1B65FA45003E0E23 /* Info.plist */ = {isa = PBXFileReference; lastKnownFileType = text.plist.xml; path = Info.plist; sourceTree = "<group>"; };
		DBA8328B1B65FA45003E0E23 /* Info.plist */ = {isa = PBXFileReference; lastKnownFileType = text.plist.xml; path = Info.plist; sourceTree = "<group>"; };
		DBA832991B65FA77003E0E23 /* URLGrey.framework */ = {isa = PBXFileReference; explicitFileType = wrapper.framework; includeInIndex = 0; path = URLGrey.framework; sourceTree = BUILT_PRODUCTS_DIR; };
		DBA832B51B65FA7E003E0E23 /* URLGrey.framework */ = {isa = PBXFileReference; explicitFileType = wrapper.framework; includeInIndex = 0; path = URLGrey.framework; sourceTree = BUILT_PRODUCTS_DIR; };
		DBA832BE1B65FA9E003E0E23 /* Base.xcconfig */ = {isa = PBXFileReference; lastKnownFileType = text.xcconfig; path = Base.xcconfig; sourceTree = "<group>"; };
		DBA832BF1B65FA9E003E0E23 /* Debug.xcconfig */ = {isa = PBXFileReference; lastKnownFileType = text.xcconfig; path = Debug.xcconfig; sourceTree = "<group>"; };
		DBA832C01B65FA9E003E0E23 /* Release.xcconfig */ = {isa = PBXFileReference; lastKnownFileType = text.xcconfig; path = Release.xcconfig; sourceTree = "<group>"; };
		DBA832C11B65FA9E003E0E23 /* Tests.xcconfig */ = {isa = PBXFileReference; lastKnownFileType = text.xcconfig; path = Tests.xcconfig; sourceTree = "<group>"; };
		DBA832C21B65FA9E003E0E23 /* URLGrey.xcconfig */ = {isa = PBXFileReference; lastKnownFileType = text.xcconfig; path = URLGrey.xcconfig; sourceTree = "<group>"; };
		DBA832C41B65FAB0003E0E23 /* Lustre.xcodeproj */ = {isa = PBXFileReference; lastKnownFileType = "wrapper.pb-project"; name = Lustre.xcodeproj; path = Carthage/Checkouts/Lustre/Lustre.xcodeproj; sourceTree = "<group>"; };
		DBA832E01B65FB0C003E0E23 /* URLGreyTests.xctest */ = {isa = PBXFileReference; explicitFileType = wrapper.cfbundle; includeInIndex = 0; path = URLGreyTests.xctest; sourceTree = BUILT_PRODUCTS_DIR; };
		DBA832EF1B65FB21003E0E23 /* MobileURLGreyTests.xctest */ = {isa = PBXFileReference; explicitFileType = wrapper.cfbundle; includeInIndex = 0; path = MobileURLGreyTests.xctest; sourceTree = BUILT_PRODUCTS_DIR; };
		DBA832FC1B65FC3E003E0E23 /* Data.swift */ = {isa = PBXFileReference; fileEncoding = 4; lastKnownFileType = sourcecode.swift; path = Data.swift; sourceTree = "<group>"; };
		DBA832FD1B65FC3E003E0E23 /* Data+CollectionType.swift */ = {isa = PBXFileReference; fileEncoding = 4; lastKnownFileType = sourcecode.swift; path = "Data+CollectionType.swift"; sourceTree = "<group>"; };
		DBA832FE1B65FC3E003E0E23 /* Data+NSData.swift */ = {isa = PBXFileReference; fileEncoding = 4; lastKnownFileType = sourcecode.swift; path = "Data+NSData.swift"; sourceTree = "<group>"; };
		DBA832FF1B65FC3E003E0E23 /* DataReader.swift */ = {isa = PBXFileReference; fileEncoding = 4; lastKnownFileType = sourcecode.swift; path = DataReader.swift; sourceTree = "<group>"; };
		DBA833001B65FC3E003E0E23 /* IOChannel.swift */ = {isa = PBXFileReference; fileEncoding = 4; lastKnownFileType = sourcecode.swift; path = IOChannel.swift; sourceTree = "<group>"; };
		DBA833011B65FC3E003E0E23 /* IOError.swift */ = {isa = PBXFileReference; fileEncoding = 4; lastKnownFileType = sourcecode.swift; path = IOError.swift; sourceTree = "<group>"; };
		DBA833021B65FC3E003E0E23 /* NSFileManager+DirectoryContents.swift */ = {isa = PBXFileReference; fileEncoding = 4; lastKnownFileType = sourcecode.swift; path = "NSFileManager+DirectoryContents.swift"; sourceTree = "<group>"; };
		DBA833031B65FC3E003E0E23 /* NSFileManager+Relationships.swift */ = {isa = PBXFileReference; fileEncoding = 4; lastKnownFileType = sourcecode.swift; path = "NSFileManager+Relationships.swift"; sourceTree = "<group>"; };
		DBA833041B65FC3E003E0E23 /* NSURL+Ancestors.swift */ = {isa = PBXFileReference; fileEncoding = 4; lastKnownFileType = sourcecode.swift; path = "NSURL+Ancestors.swift"; sourceTree = "<group>"; };
		DBA833051B65FC3E003E0E23 /* NSURL+Builder.swift */ = {isa = PBXFileReference; fileEncoding = 4; lastKnownFileType = sourcecode.swift; path = "NSURL+Builder.swift"; sourceTree = "<group>"; };
		DBA833061B65FC3E003E0E23 /* NSURL+FileManager.swift */ = {isa = PBXFileReference; fileEncoding = 4; lastKnownFileType = sourcecode.swift; path = "NSURL+FileManager.swift"; sourceTree = "<group>"; };
		DBA833071B65FC3E003E0E23 /* NSURL+Resource.swift */ = {isa = PBXFileReference; fileEncoding = 4; lastKnownFileType = sourcecode.swift; path = "NSURL+Resource.swift"; sourceTree = "<group>"; };
		DBA833081B65FC3E003E0E23 /* ThreadLocalStorage.swift */ = {isa = PBXFileReference; fileEncoding = 4; lastKnownFileType = sourcecode.swift; path = ThreadLocalStorage.swift; sourceTree = "<group>"; };
		DBA833091B65FC3E003E0E23 /* URLResource.swift */ = {isa = PBXFileReference; fileEncoding = 4; lastKnownFileType = sourcecode.swift; path = URLResource.swift; sourceTree = "<group>"; };
		DBA8330A1B65FC3E003E0E23 /* URLResourceError.swift */ = {isa = PBXFileReference; fileEncoding = 4; lastKnownFileType = sourcecode.swift; path = URLResourceError.swift; sourceTree = "<group>"; };
		DBA8330B1B65FC3E003E0E23 /* URLResourceMeta.swift */ = {isa = PBXFileReference; fileEncoding = 4; lastKnownFileType = sourcecode.swift; path = URLResourceMeta.swift; sourceTree = "<group>"; };
		DBA8330C1B65FC3E003E0E23 /* URLResourceTypes.swift */ = {isa = PBXFileReference; fileEncoding = 4; lastKnownFileType = sourcecode.swift; path = URLResourceTypes.swift; sourceTree = "<group>"; };
		DBA8330D1B65FC3E003E0E23 /* UTI.swift */ = {isa = PBXFileReference; fileEncoding = 4; lastKnownFileType = sourcecode.swift; path = UTI.swift; sourceTree = "<group>"; };
		DBA8330E1B65FC3E003E0E23 /* UTI+CoreTypes.swift */ = {isa = PBXFileReference; fileEncoding = 4; lastKnownFileType = sourcecode.swift; path = "UTI+CoreTypes.swift"; sourceTree = "<group>"; };
		DBA833481B65FC4B003E0E23 /* AncestorTests.swift */ = {isa = PBXFileReference; fileEncoding = 4; lastKnownFileType = sourcecode.swift; path = AncestorTests.swift; sourceTree = "<group>"; };
		DBA833491B65FC4B003E0E23 /* IOChannelTests.swift */ = {isa = PBXFileReference; fileEncoding = 4; lastKnownFileType = sourcecode.swift; path = IOChannelTests.swift; sourceTree = "<group>"; };
		DBA8334A1B65FC4B003E0E23 /* RelationshipTests.swift */ = {isa = PBXFileReference; fileEncoding = 4; lastKnownFileType = sourcecode.swift; path = RelationshipTests.swift; sourceTree = "<group>"; };
		DBA8334B1B65FC4B003E0E23 /* UTITests.swift */ = {isa = PBXFileReference; fileEncoding = 4; lastKnownFileType = sourcecode.swift; path = UTITests.swift; sourceTree = "<group>"; };
/* End PBXFileReference section */

/* Begin PBXFrameworksBuildPhase section */
		DBA832761B65FA45003E0E23 /* Frameworks */ = {
			isa = PBXFrameworksBuildPhase;
			buildActionMask = 2147483647;
			files = (
				DBA832D61B65FABD003E0E23 /* Lustre.framework in Frameworks */,
			);
			runOnlyForDeploymentPostprocessing = 0;
		};
		DBA832951B65FA77003E0E23 /* Frameworks */ = {
			isa = PBXFrameworksBuildPhase;
			buildActionMask = 2147483647;
			files = (
				DBA832D71B65FAC5003E0E23 /* Lustre.framework in Frameworks */,
			);
			runOnlyForDeploymentPostprocessing = 0;
		};
		DBA832B11B65FA7E003E0E23 /* Frameworks */ = {
			isa = PBXFrameworksBuildPhase;
			buildActionMask = 2147483647;
			files = (
				DBA832D81B65FAC8003E0E23 /* Lustre.framework in Frameworks */,
			);
			runOnlyForDeploymentPostprocessing = 0;
		};
		DBA832DD1B65FB0C003E0E23 /* Frameworks */ = {
			isa = PBXFrameworksBuildPhase;
			buildActionMask = 2147483647;
			files = (
				DBA832E51B65FB0C003E0E23 /* URLGrey.framework in Frameworks */,
			);
			runOnlyForDeploymentPostprocessing = 0;
		};
		DBA832EC1B65FB21003E0E23 /* Frameworks */ = {
			isa = PBXFrameworksBuildPhase;
			buildActionMask = 2147483647;
			files = (
				DBA832F41B65FB21003E0E23 /* URLGrey.framework in Frameworks */,
			);
			runOnlyForDeploymentPostprocessing = 0;
		};
/* End PBXFrameworksBuildPhase section */

/* Begin PBXGroup section */
		DBA832701B65FA45003E0E23 = {
			isa = PBXGroup;
			children = (
				DBA832BD1B65FA9E003E0E23 /* Configurations */,
				DBA8327C1B65FA45003E0E23 /* URLGrey */,
				DBA832881B65FA45003E0E23 /* URLGreyTests */,
				DBA832C31B65FAA3003E0E23 /* Frameworks */,
				DBA8327B1B65FA45003E0E23 /* Products */,
			);
			sourceTree = "<group>";
		};
		DBA8327B1B65FA45003E0E23 /* Products */ = {
			isa = PBXGroup;
			children = (
				DBA8327A1B65FA45003E0E23 /* URLGrey.framework */,
				DBA832991B65FA77003E0E23 /* URLGrey.framework */,
				DBA832B51B65FA7E003E0E23 /* URLGrey.framework */,
				DBA832E01B65FB0C003E0E23 /* URLGreyTests.xctest */,
				DBA832EF1B65FB21003E0E23 /* MobileURLGreyTests.xctest */,
			);
			name = Products;
			sourceTree = "<group>";
		};
		DBA8327C1B65FA45003E0E23 /* URLGrey */ = {
			isa = PBXGroup;
			children = (
				DBA8327D1B65FA45003E0E23 /* URLGrey.h */,
				DBA832FC1B65FC3E003E0E23 /* Data.swift */,
				DBA832FD1B65FC3E003E0E23 /* Data+CollectionType.swift */,
				DBA832FE1B65FC3E003E0E23 /* Data+NSData.swift */,
				DBA832FF1B65FC3E003E0E23 /* DataReader.swift */,
				DBA833001B65FC3E003E0E23 /* IOChannel.swift */,
				DBA833011B65FC3E003E0E23 /* IOError.swift */,
				DBA833021B65FC3E003E0E23 /* NSFileManager+DirectoryContents.swift */,
				DBA833031B65FC3E003E0E23 /* NSFileManager+Relationships.swift */,
				DBA833041B65FC3E003E0E23 /* NSURL+Ancestors.swift */,
				DBA833051B65FC3E003E0E23 /* NSURL+Builder.swift */,
				DBA833061B65FC3E003E0E23 /* NSURL+FileManager.swift */,
				DBA833071B65FC3E003E0E23 /* NSURL+Resource.swift */,
				DBA833081B65FC3E003E0E23 /* ThreadLocalStorage.swift */,
				DBA833091B65FC3E003E0E23 /* URLResource.swift */,
				DBA8330A1B65FC3E003E0E23 /* URLResourceError.swift */,
				DBA8330B1B65FC3E003E0E23 /* URLResourceMeta.swift */,
				DBA8330C1B65FC3E003E0E23 /* URLResourceTypes.swift */,
				DBA8330D1B65FC3E003E0E23 /* UTI.swift */,
				DBA8330E1B65FC3E003E0E23 /* UTI+CoreTypes.swift */,
				DBA8327F1B65FA45003E0E23 /* Info.plist */,
			);
			path = URLGrey;
			sourceTree = "<group>";
		};
		DBA832881B65FA45003E0E23 /* URLGreyTests */ = {
			isa = PBXGroup;
			children = (
				DBA833481B65FC4B003E0E23 /* AncestorTests.swift */,
				DBA833491B65FC4B003E0E23 /* IOChannelTests.swift */,
				DBA8334A1B65FC4B003E0E23 /* RelationshipTests.swift */,
				DBA8334B1B65FC4B003E0E23 /* UTITests.swift */,
				DBA8328B1B65FA45003E0E23 /* Info.plist */,
			);
			path = URLGreyTests;
			sourceTree = "<group>";
		};
		DBA832BD1B65FA9E003E0E23 /* Configurations */ = {
			isa = PBXGroup;
			children = (
				DBA832BE1B65FA9E003E0E23 /* Base.xcconfig */,
				DBA832BF1B65FA9E003E0E23 /* Debug.xcconfig */,
				DBA832C01B65FA9E003E0E23 /* Release.xcconfig */,
				DBA832C11B65FA9E003E0E23 /* Tests.xcconfig */,
				DBA832C21B65FA9E003E0E23 /* URLGrey.xcconfig */,
			);
			path = Configurations;
			sourceTree = "<group>";
		};
		DBA832C31B65FAA3003E0E23 /* Frameworks */ = {
			isa = PBXGroup;
			children = (
				DBA832C41B65FAB0003E0E23 /* Lustre.xcodeproj */,
			);
			name = Frameworks;
			sourceTree = "<group>";
		};
		DBA832C51B65FAB0003E0E23 /* Products */ = {
			isa = PBXGroup;
			children = (
				DBA832CD1B65FAB0003E0E23 /* Lustre.framework */,
				DBA832CF1B65FAB0003E0E23 /* LustreTests.xctest */,
				DBA832D11B65FAB0003E0E23 /* Lustre.framework */,
				DBA832D31B65FAB0003E0E23 /* MobileLustreTests.xctest */,
				DBA832D51B65FAB0003E0E23 /* Lustre.framework */,
			);
			name = Products;
			sourceTree = "<group>";
		};
/* End PBXGroup section */

/* Begin PBXHeadersBuildPhase section */
		DBA832771B65FA45003E0E23 /* Headers */ = {
			isa = PBXHeadersBuildPhase;
			buildActionMask = 2147483647;
			files = (
				DBA8327E1B65FA45003E0E23 /* URLGrey.h in Headers */,
			);
			runOnlyForDeploymentPostprocessing = 0;
		};
		DBA832961B65FA77003E0E23 /* Headers */ = {
			isa = PBXHeadersBuildPhase;
			buildActionMask = 2147483647;
			files = (
				DBA832D91B65FAD6003E0E23 /* URLGrey.h in Headers */,
			);
			runOnlyForDeploymentPostprocessing = 0;
		};
		DBA832B21B65FA7E003E0E23 /* Headers */ = {
			isa = PBXHeadersBuildPhase;
			buildActionMask = 2147483647;
			files = (
				DBA832DA1B65FAD6003E0E23 /* URLGrey.h in Headers */,
			);
			runOnlyForDeploymentPostprocessing = 0;
		};
/* End PBXHeadersBuildPhase section */

/* Begin PBXNativeTarget section */
		DBA832791B65FA45003E0E23 /* URLGrey */ = {
			isa = PBXNativeTarget;
			buildConfigurationList = DBA8328E1B65FA45003E0E23 /* Build configuration list for PBXNativeTarget "URLGrey" */;
			buildPhases = (
				DBA832751B65FA45003E0E23 /* Sources */,
				DBA832761B65FA45003E0E23 /* Frameworks */,
				DBA832771B65FA45003E0E23 /* Headers */,
				DBA832781B65FA45003E0E23 /* Resources */,
			);
			buildRules = (
			);
			dependencies = (
			);
			name = URLGrey;
			productName = URLGrey;
			productReference = DBA8327A1B65FA45003E0E23 /* URLGrey.framework */;
			productType = "com.apple.product-type.framework";
		};
		DBA832981B65FA77003E0E23 /* MobileURLGrey */ = {
			isa = PBXNativeTarget;
			buildConfigurationList = DBA832AE1B65FA77003E0E23 /* Build configuration list for PBXNativeTarget "MobileURLGrey" */;
			buildPhases = (
				DBA832941B65FA77003E0E23 /* Sources */,
				DBA832951B65FA77003E0E23 /* Frameworks */,
				DBA832961B65FA77003E0E23 /* Headers */,
				DBA832971B65FA77003E0E23 /* Resources */,
			);
			buildRules = (
			);
			dependencies = (
			);
			name = MobileURLGrey;
			productName = MobileURLGrey;
			productReference = DBA832991B65FA77003E0E23 /* URLGrey.framework */;
			productType = "com.apple.product-type.framework";
		};
		DBA832B41B65FA7E003E0E23 /* NanoURLGrey */ = {
			isa = PBXNativeTarget;
			buildConfigurationList = DBA832BA1B65FA7E003E0E23 /* Build configuration list for PBXNativeTarget "NanoURLGrey" */;
			buildPhases = (
				DBA832B01B65FA7E003E0E23 /* Sources */,
				DBA832B11B65FA7E003E0E23 /* Frameworks */,
				DBA832B21B65FA7E003E0E23 /* Headers */,
				DBA832B31B65FA7E003E0E23 /* Resources */,
			);
			buildRules = (
			);
			dependencies = (
			);
			name = NanoURLGrey;
			productName = NanoURLGrey;
			productReference = DBA832B51B65FA7E003E0E23 /* URLGrey.framework */;
			productType = "com.apple.product-type.framework";
		};
		DBA832DF1B65FB0C003E0E23 /* URLGreyTests */ = {
			isa = PBXNativeTarget;
			buildConfigurationList = DBA832E81B65FB0C003E0E23 /* Build configuration list for PBXNativeTarget "URLGreyTests" */;
			buildPhases = (
				DBA832DC1B65FB0C003E0E23 /* Sources */,
				DBA832DD1B65FB0C003E0E23 /* Frameworks */,
				DBA832DE1B65FB0C003E0E23 /* Resources */,
			);
			buildRules = (
			);
			dependencies = (
				DBA832E71B65FB0C003E0E23 /* PBXTargetDependency */,
			);
			name = URLGreyTests;
			productName = URLGreyTestsNew;
			productReference = DBA832E01B65FB0C003E0E23 /* URLGreyTests.xctest */;
			productType = "com.apple.product-type.bundle.unit-test";
		};
		DBA832EE1B65FB21003E0E23 /* MobileURLGreyTests */ = {
			isa = PBXNativeTarget;
			buildConfigurationList = DBA832F71B65FB21003E0E23 /* Build configuration list for PBXNativeTarget "MobileURLGreyTests" */;
			buildPhases = (
				DBA832EB1B65FB21003E0E23 /* Sources */,
				DBA832EC1B65FB21003E0E23 /* Frameworks */,
				DBA832ED1B65FB21003E0E23 /* Resources */,
			);
			buildRules = (
			);
			dependencies = (
				DBA832F61B65FB21003E0E23 /* PBXTargetDependency */,
			);
			name = MobileURLGreyTests;
			productName = MobileURLGreyTestsNew;
			productReference = DBA832EF1B65FB21003E0E23 /* MobileURLGreyTests.xctest */;
			productType = "com.apple.product-type.bundle.unit-test";
		};
/* End PBXNativeTarget section */

/* Begin PBXProject section */
		DBA832711B65FA45003E0E23 /* Project object */ = {
			isa = PBXProject;
			attributes = {
				LastSwiftUpdateCheck = 0700;
				LastUpgradeCheck = 0720;
				ORGANIZATIONNAME = "Zachary Waldowski";
				TargetAttributes = {
					DBA832791B65FA45003E0E23 = {
						CreatedOnToolsVersion = 7.0;
					};
					DBA832981B65FA77003E0E23 = {
						CreatedOnToolsVersion = 7.0;
					};
					DBA832B41B65FA7E003E0E23 = {
						CreatedOnToolsVersion = 7.0;
					};
					DBA832DF1B65FB0C003E0E23 = {
						CreatedOnToolsVersion = 7.0;
					};
					DBA832EE1B65FB21003E0E23 = {
						CreatedOnToolsVersion = 7.0;
					};
				};
			};
			buildConfigurationList = DBA832741B65FA45003E0E23 /* Build configuration list for PBXProject "URLGrey" */;
			compatibilityVersion = "Xcode 3.2";
			developmentRegion = English;
			hasScannedForEncodings = 0;
			knownRegions = (
				en,
			);
			mainGroup = DBA832701B65FA45003E0E23;
			productRefGroup = DBA8327B1B65FA45003E0E23 /* Products */;
			projectDirPath = "";
			projectReferences = (
				{
					ProductGroup = DBA832C51B65FAB0003E0E23 /* Products */;
					ProjectRef = DBA832C41B65FAB0003E0E23 /* Lustre.xcodeproj */;
				},
			);
			projectRoot = "";
			targets = (
				DBA832791B65FA45003E0E23 /* URLGrey */,
				DBA832DF1B65FB0C003E0E23 /* URLGreyTests */,
				DBA832981B65FA77003E0E23 /* MobileURLGrey */,
				DBA832EE1B65FB21003E0E23 /* MobileURLGreyTests */,
				DBA832B41B65FA7E003E0E23 /* NanoURLGrey */,
			);
		};
/* End PBXProject section */

/* Begin PBXReferenceProxy section */
		DBA832CD1B65FAB0003E0E23 /* Lustre.framework */ = {
			isa = PBXReferenceProxy;
			fileType = wrapper.framework;
			path = Lustre.framework;
			remoteRef = DBA832CC1B65FAB0003E0E23 /* PBXContainerItemProxy */;
			sourceTree = BUILT_PRODUCTS_DIR;
		};
		DBA832CF1B65FAB0003E0E23 /* LustreTests.xctest */ = {
			isa = PBXReferenceProxy;
			fileType = wrapper.cfbundle;
			path = LustreTests.xctest;
			remoteRef = DBA832CE1B65FAB0003E0E23 /* PBXContainerItemProxy */;
			sourceTree = BUILT_PRODUCTS_DIR;
		};
		DBA832D11B65FAB0003E0E23 /* Lustre.framework */ = {
			isa = PBXReferenceProxy;
			fileType = wrapper.framework;
			path = Lustre.framework;
			remoteRef = DBA832D01B65FAB0003E0E23 /* PBXContainerItemProxy */;
			sourceTree = BUILT_PRODUCTS_DIR;
		};
		DBA832D31B65FAB0003E0E23 /* MobileLustreTests.xctest */ = {
			isa = PBXReferenceProxy;
			fileType = wrapper.cfbundle;
			path = MobileLustreTests.xctest;
			remoteRef = DBA832D21B65FAB0003E0E23 /* PBXContainerItemProxy */;
			sourceTree = BUILT_PRODUCTS_DIR;
		};
		DBA832D51B65FAB0003E0E23 /* Lustre.framework */ = {
			isa = PBXReferenceProxy;
			fileType = wrapper.framework;
			path = Lustre.framework;
			remoteRef = DBA832D41B65FAB0003E0E23 /* PBXContainerItemProxy */;
			sourceTree = BUILT_PRODUCTS_DIR;
		};
/* End PBXReferenceProxy section */

/* Begin PBXResourcesBuildPhase section */
		DBA832781B65FA45003E0E23 /* Resources */ = {
			isa = PBXResourcesBuildPhase;
			buildActionMask = 2147483647;
			files = (
			);
			runOnlyForDeploymentPostprocessing = 0;
		};
		DBA832971B65FA77003E0E23 /* Resources */ = {
			isa = PBXResourcesBuildPhase;
			buildActionMask = 2147483647;
			files = (
			);
			runOnlyForDeploymentPostprocessing = 0;
		};
		DBA832B31B65FA7E003E0E23 /* Resources */ = {
			isa = PBXResourcesBuildPhase;
			buildActionMask = 2147483647;
			files = (
			);
			runOnlyForDeploymentPostprocessing = 0;
		};
		DBA832DE1B65FB0C003E0E23 /* Resources */ = {
			isa = PBXResourcesBuildPhase;
			buildActionMask = 2147483647;
			files = (
			);
			runOnlyForDeploymentPostprocessing = 0;
		};
		DBA832ED1B65FB21003E0E23 /* Resources */ = {
			isa = PBXResourcesBuildPhase;
			buildActionMask = 2147483647;
			files = (
			);
			runOnlyForDeploymentPostprocessing = 0;
		};
/* End PBXResourcesBuildPhase section */

/* Begin PBXSourcesBuildPhase section */
		DBA832751B65FA45003E0E23 /* Sources */ = {
			isa = PBXSourcesBuildPhase;
			buildActionMask = 2147483647;
			files = (
				DBA8332D1B65FC3E003E0E23 /* NSURL+FileManager.swift in Sources */,
				DBA8332A1B65FC3E003E0E23 /* NSURL+Builder.swift in Sources */,
				DBA833451B65FC3E003E0E23 /* UTI+CoreTypes.swift in Sources */,
				DBA833421B65FC3E003E0E23 /* UTI.swift in Sources */,
				DBA8333C1B65FC3E003E0E23 /* URLResourceMeta.swift in Sources */,
				DBA833301B65FC3E003E0E23 /* NSURL+Resource.swift in Sources */,
				DBA833241B65FC3E003E0E23 /* NSFileManager+Relationships.swift in Sources */,
				DBA833211B65FC3E003E0E23 /* NSFileManager+DirectoryContents.swift in Sources */,
				DBA833181B65FC3E003E0E23 /* DataReader.swift in Sources */,
				DBA8330F1B65FC3E003E0E23 /* Data.swift in Sources */,
				DBA8331B1B65FC3E003E0E23 /* IOChannel.swift in Sources */,
				DBA833391B65FC3E003E0E23 /* URLResourceError.swift in Sources */,
				DBA833331B65FC3E003E0E23 /* ThreadLocalStorage.swift in Sources */,
				DBA833361B65FC3E003E0E23 /* URLResource.swift in Sources */,
				DBA8333F1B65FC3E003E0E23 /* URLResourceTypes.swift in Sources */,
				DBA833121B65FC3E003E0E23 /* Data+CollectionType.swift in Sources */,
				DBA8331E1B65FC3E003E0E23 /* IOError.swift in Sources */,
				DBA833151B65FC3E003E0E23 /* Data+NSData.swift in Sources */,
				DBA833271B65FC3E003E0E23 /* NSURL+Ancestors.swift in Sources */,
			);
			runOnlyForDeploymentPostprocessing = 0;
		};
		DBA832941B65FA77003E0E23 /* Sources */ = {
			isa = PBXSourcesBuildPhase;
			buildActionMask = 2147483647;
			files = (
				DBA8332E1B65FC3E003E0E23 /* NSURL+FileManager.swift in Sources */,
				DBA8332B1B65FC3E003E0E23 /* NSURL+Builder.swift in Sources */,
				DBA833461B65FC3E003E0E23 /* UTI+CoreTypes.swift in Sources */,
				DBA833431B65FC3E003E0E23 /* UTI.swift in Sources */,
				DBA8333D1B65FC3E003E0E23 /* URLResourceMeta.swift in Sources */,
				DBA833311B65FC3E003E0E23 /* NSURL+Resource.swift in Sources */,
				DBA833251B65FC3E003E0E23 /* NSFileManager+Relationships.swift in Sources */,
				DBA833221B65FC3E003E0E23 /* NSFileManager+DirectoryContents.swift in Sources */,
				DBA833191B65FC3E003E0E23 /* DataReader.swift in Sources */,
				DBA833101B65FC3E003E0E23 /* Data.swift in Sources */,
				DBA8331C1B65FC3E003E0E23 /* IOChannel.swift in Sources */,
				DBA8333A1B65FC3E003E0E23 /* URLResourceError.swift in Sources */,
				DBA833341B65FC3E003E0E23 /* ThreadLocalStorage.swift in Sources */,
				DBA833371B65FC3E003E0E23 /* URLResource.swift in Sources */,
				DBA833401B65FC3E003E0E23 /* URLResourceTypes.swift in Sources */,
				DBA833131B65FC3E003E0E23 /* Data+CollectionType.swift in Sources */,
				DBA8331F1B65FC3E003E0E23 /* IOError.swift in Sources */,
				DBA833161B65FC3E003E0E23 /* Data+NSData.swift in Sources */,
				DBA833281B65FC3E003E0E23 /* NSURL+Ancestors.swift in Sources */,
			);
			runOnlyForDeploymentPostprocessing = 0;
		};
		DBA832B01B65FA7E003E0E23 /* Sources */ = {
			isa = PBXSourcesBuildPhase;
			buildActionMask = 2147483647;
			files = (
				DBA8332F1B65FC3E003E0E23 /* NSURL+FileManager.swift in Sources */,
				DBA8332C1B65FC3E003E0E23 /* NSURL+Builder.swift in Sources */,
				DBA833471B65FC3E003E0E23 /* UTI+CoreTypes.swift in Sources */,
				DBA833441B65FC3E003E0E23 /* UTI.swift in Sources */,
				DBA8333E1B65FC3E003E0E23 /* URLResourceMeta.swift in Sources */,
				DBA833321B65FC3E003E0E23 /* NSURL+Resource.swift in Sources */,
				DBA833261B65FC3E003E0E23 /* NSFileManager+Relationships.swift in Sources */,
				DBA833231B65FC3E003E0E23 /* NSFileManager+DirectoryContents.swift in Sources */,
				DBA8331A1B65FC3E003E0E23 /* DataReader.swift in Sources */,
				DBA833111B65FC3E003E0E23 /* Data.swift in Sources */,
				DBA8331D1B65FC3E003E0E23 /* IOChannel.swift in Sources */,
				DBA8333B1B65FC3E003E0E23 /* URLResourceError.swift in Sources */,
				DBA833351B65FC3E003E0E23 /* ThreadLocalStorage.swift in Sources */,
				DBA833381B65FC3E003E0E23 /* URLResource.swift in Sources */,
				DBA833411B65FC3E003E0E23 /* URLResourceTypes.swift in Sources */,
				DBA833141B65FC3E003E0E23 /* Data+CollectionType.swift in Sources */,
				DBA833201B65FC3E003E0E23 /* IOError.swift in Sources */,
				DBA833171B65FC3E003E0E23 /* Data+NSData.swift in Sources */,
				DBA833291B65FC3E003E0E23 /* NSURL+Ancestors.swift in Sources */,
			);
			runOnlyForDeploymentPostprocessing = 0;
		};
		DBA832DC1B65FB0C003E0E23 /* Sources */ = {
			isa = PBXSourcesBuildPhase;
			buildActionMask = 2147483647;
			files = (
				DBA8334C1B65FC4B003E0E23 /* AncestorTests.swift in Sources */,
				DBA833521B65FC4B003E0E23 /* UTITests.swift in Sources */,
				DBA8334E1B65FC4B003E0E23 /* IOChannelTests.swift in Sources */,
				DBA833501B65FC4B003E0E23 /* RelationshipTests.swift in Sources */,
			);
			runOnlyForDeploymentPostprocessing = 0;
		};
		DBA832EB1B65FB21003E0E23 /* Sources */ = {
			isa = PBXSourcesBuildPhase;
			buildActionMask = 2147483647;
			files = (
				DBA8334D1B65FC4B003E0E23 /* AncestorTests.swift in Sources */,
				DBA833531B65FC4B003E0E23 /* UTITests.swift in Sources */,
				DBA8334F1B65FC4B003E0E23 /* IOChannelTests.swift in Sources */,
				DBA833511B65FC4B003E0E23 /* RelationshipTests.swift in Sources */,
			);
			runOnlyForDeploymentPostprocessing = 0;
		};
/* End PBXSourcesBuildPhase section */

/* Begin PBXTargetDependency section */
		DBA832E71B65FB0C003E0E23 /* PBXTargetDependency */ = {
			isa = PBXTargetDependency;
			target = DBA832791B65FA45003E0E23 /* URLGrey */;
			targetProxy = DBA832E61B65FB0C003E0E23 /* PBXContainerItemProxy */;
		};
		DBA832F61B65FB21003E0E23 /* PBXTargetDependency */ = {
			isa = PBXTargetDependency;
			target = DBA832981B65FA77003E0E23 /* MobileURLGrey */;
			targetProxy = DBA832F51B65FB21003E0E23 /* PBXContainerItemProxy */;
		};
/* End PBXTargetDependency section */

/* Begin XCBuildConfiguration section */
		DBA8328C1B65FA45003E0E23 /* Debug */ = {
			isa = XCBuildConfiguration;
			baseConfigurationReference = DBA832BF1B65FA9E003E0E23 /* Debug.xcconfig */;
			buildSettings = {
				ENABLE_TESTABILITY = YES;
				ONLY_ACTIVE_ARCH = YES;
				SDKROOT = macosx;
			};
			name = Debug;
		};
		DBA8328D1B65FA45003E0E23 /* Release */ = {
			isa = XCBuildConfiguration;
			baseConfigurationReference = DBA832C01B65FA9E003E0E23 /* Release.xcconfig */;
			buildSettings = {
				SDKROOT = macosx;
			};
			name = Release;
		};
		DBA8328F1B65FA45003E0E23 /* Debug */ = {
			isa = XCBuildConfiguration;
			baseConfigurationReference = DBA832C21B65FA9E003E0E23 /* URLGrey.xcconfig */;
			buildSettings = {
				CLANG_ENABLE_MODULES = YES;
				COMBINE_HIDPI_IMAGES = YES;
				DEFINES_MODULE = YES;
				LD_RUNPATH_SEARCH_PATHS = "$(inherited) @executable_path/../Frameworks @loader_path/Frameworks";
				SWIFT_OPTIMIZATION_LEVEL = "-Onone";
			};
			name = Debug;
		};
		DBA832901B65FA45003E0E23 /* Release */ = {
			isa = XCBuildConfiguration;
			baseConfigurationReference = DBA832C21B65FA9E003E0E23 /* URLGrey.xcconfig */;
			buildSettings = {
				CLANG_ENABLE_MODULES = YES;
				COMBINE_HIDPI_IMAGES = YES;
				DEFINES_MODULE = YES;
				LD_RUNPATH_SEARCH_PATHS = "$(inherited) @executable_path/../Frameworks @loader_path/Frameworks";
			};
			name = Release;
		};
		DBA832AA1B65FA77003E0E23 /* Debug */ = {
			isa = XCBuildConfiguration;
			baseConfigurationReference = DBA832C21B65FA9E003E0E23 /* URLGrey.xcconfig */;
			buildSettings = {
				CLANG_ENABLE_MODULES = YES;
				DEFINES_MODULE = YES;
				LD_RUNPATH_SEARCH_PATHS = "$(inherited) @executable_path/Frameworks @loader_path/Frameworks";
				SDKROOT = iphoneos;
				SWIFT_OPTIMIZATION_LEVEL = "-Onone";
				TARGETED_DEVICE_FAMILY = "1,2";
			};
			name = Debug;
		};
		DBA832AB1B65FA77003E0E23 /* Release */ = {
			isa = XCBuildConfiguration;
			baseConfigurationReference = DBA832C21B65FA9E003E0E23 /* URLGrey.xcconfig */;
			buildSettings = {
				CLANG_ENABLE_MODULES = YES;
				DEFINES_MODULE = YES;
				LD_RUNPATH_SEARCH_PATHS = "$(inherited) @executable_path/Frameworks @loader_path/Frameworks";
				SDKROOT = iphoneos;
				TARGETED_DEVICE_FAMILY = "1,2";
			};
			name = Release;
		};
		DBA832BB1B65FA7E003E0E23 /* Debug */ = {
			isa = XCBuildConfiguration;
			baseConfigurationReference = DBA832C21B65FA9E003E0E23 /* URLGrey.xcconfig */;
			buildSettings = {
				CLANG_ENABLE_MODULES = YES;
				DEFINES_MODULE = YES;
				LD_RUNPATH_SEARCH_PATHS = "$(inherited) @executable_path/../Frameworks @loader_path/Frameworks";
				SDKROOT = watchos;
				SWIFT_OPTIMIZATION_LEVEL = "-Onone";
				TARGETED_DEVICE_FAMILY = 4;
			};
			name = Debug;
		};
		DBA832BC1B65FA7E003E0E23 /* Release */ = {
			isa = XCBuildConfiguration;
			baseConfigurationReference = DBA832C21B65FA9E003E0E23 /* URLGrey.xcconfig */;
			buildSettings = {
				CLANG_ENABLE_MODULES = YES;
				DEFINES_MODULE = YES;
				LD_RUNPATH_SEARCH_PATHS = "$(inherited) @executable_path/../Frameworks @loader_path/Frameworks";
				SDKROOT = watchos;
				TARGETED_DEVICE_FAMILY = 4;
			};
			name = Release;
		};
		DBA832E91B65FB0C003E0E23 /* Debug */ = {
			isa = XCBuildConfiguration;
			baseConfigurationReference = DBA832C11B65FA9E003E0E23 /* Tests.xcconfig */;
			buildSettings = {
				COMBINE_HIDPI_IMAGES = YES;
			};
			name = Debug;
		};
		DBA832EA1B65FB0C003E0E23 /* Release */ = {
			isa = XCBuildConfiguration;
			baseConfigurationReference = DBA832C11B65FA9E003E0E23 /* Tests.xcconfig */;
			buildSettings = {
				COMBINE_HIDPI_IMAGES = YES;
			};
			name = Release;
		};
		DBA832F81B65FB21003E0E23 /* Debug */ = {
			isa = XCBuildConfiguration;
			baseConfigurationReference = DBA832C11B65FA9E003E0E23 /* Tests.xcconfig */;
			buildSettings = {
				SDKROOT = iphoneos;
			};
			name = Debug;
		};
		DBA832F91B65FB21003E0E23 /* Release */ = {
			isa = XCBuildConfiguration;
			baseConfigurationReference = DBA832C11B65FA9E003E0E23 /* Tests.xcconfig */;
			buildSettings = {
				SDKROOT = iphoneos;
			};
			name = Release;
		};
/* End XCBuildConfiguration section */

/* Begin XCConfigurationList section */
		DBA832741B65FA45003E0E23 /* Build configuration list for PBXProject "URLGrey" */ = {
			isa = XCConfigurationList;
			buildConfigurations = (
				DBA8328C1B65FA45003E0E23 /* Debug */,
				DBA8328D1B65FA45003E0E23 /* Release */,
			);
			defaultConfigurationIsVisible = 0;
			defaultConfigurationName = Release;
		};
		DBA8328E1B65FA45003E0E23 /* Build configuration list for PBXNativeTarget "URLGrey" */ = {
			isa = XCConfigurationList;
			buildConfigurations = (
				DBA8328F1B65FA45003E0E23 /* Debug */,
				DBA832901B65FA45003E0E23 /* Release */,
			);
			defaultConfigurationIsVisible = 0;
			defaultConfigurationName = Release;
		};
		DBA832AE1B65FA77003E0E23 /* Build configuration list for PBXNativeTarget "MobileURLGrey" */ = {
			isa = XCConfigurationList;
			buildConfigurations = (
				DBA832AA1B65FA77003E0E23 /* Debug */,
				DBA832AB1B65FA77003E0E23 /* Release */,
			);
			defaultConfigurationIsVisible = 0;
			defaultConfigurationName = Release;
		};
		DBA832BA1B65FA7E003E0E23 /* Build configuration list for PBXNativeTarget "NanoURLGrey" */ = {
			isa = XCConfigurationList;
			buildConfigurations = (
				DBA832BB1B65FA7E003E0E23 /* Debug */,
				DBA832BC1B65FA7E003E0E23 /* Release */,
			);
			defaultConfigurationIsVisible = 0;
			defaultConfigurationName = Release;
		};
		DBA832E81B65FB0C003E0E23 /* Build configuration list for PBXNativeTarget "URLGreyTests" */ = {
			isa = XCConfigurationList;
			buildConfigurations = (
				DBA832E91B65FB0C003E0E23 /* Debug */,
				DBA832EA1B65FB0C003E0E23 /* Release */,
			);
			defaultConfigurationIsVisible = 0;
			defaultConfigurationName = Release;
		};
		DBA832F71B65FB21003E0E23 /* Build configuration list for PBXNativeTarget "MobileURLGreyTests" */ = {
			isa = XCConfigurationList;
			buildConfigurations = (
				DBA832F81B65FB21003E0E23 /* Debug */,
				DBA832F91B65FB21003E0E23 /* Release */,
			);
			defaultConfigurationIsVisible = 0;
			defaultConfigurationName = Release;
		};
/* End XCConfigurationList section */
	};
	rootObject = DBA832711B65FA45003E0E23 /* Project object */;
}
